
Microsoft Visual Studio Solution File, Format Version 12.00
# Visual Studio Version 16
VisualStudioVersion = 16.0.31025.194
MinimumVisualStudioVersion = 10.0.40219.1
Project("{9A19103F-16F7-4668-BE54-9A1E7A4F7556}") = "VendOrama", "VendOrama.csproj", "{6AB1B4E3-7462-473F-A16F-E0DDA6948522}"
EndProject
Global
	GlobalSection(SolutionConfigurationPlatforms) = preSolution
		Debug|Any CPU = Debug|Any CPU
		Release|Any CPU = Release|Any CPU
	EndGlobalSection
	GlobalSection(ProjectConfigurationPlatforms) = postSolution
		{6AB1B4E3-7462-473F-A16F-E0DDA6948522}.Debug|Any CPU.ActiveCfg = Debug|Any CPU
		{6AB1B4E3-7462-473F-A16F-E0DDA6948522}.Debug|Any CPU.Build.0 = Debug|Any CPU
		{6AB1B4E3-7462-473F-A16F-E0DDA6948522}.Release|Any CPU.ActiveCfg = Release|Any CPU
		{6AB1B4E3-7462-473F-A16F-E0DDA6948522}.Release|Any CPU.Build.0 = Release|Any CPU
	EndGlobalSection
	GlobalSection(SolutionProperties) = preSolution
		HideSolutionNode = FALSE
	EndGlobalSection
	GlobalSection(ExtensibilityGlobals) = postSolution
		SolutionGuid = {AA7784BD-14DD-4414-A918-BC3C5148415F}
	EndGlobalSection
EndGlobal
